// !$*UTF8*$!
{
	archiveVersion = 1;
	classes = {
	};
	objectVersion = 77;
	objects = {

/* Begin PBXBuildFile section */
		FD3D05CA2CFFAC8B009DF07C /* GoalsApp.swift in Sources */ = {isa = PBXBuildFile; fileRef = FD3D05C82CFFAC8B009DF07C /* GoalsApp.swift */; };
		FD3D05CB2CFFAC8B009DF07C /* ContentView.swift in Sources */ = {isa = PBXBuildFile; fileRef = FD3D05C72CFFAC8B009DF07C /* ContentView.swift */; };
		FD3D05CC2CFFAC8B009DF07C /* Assets.xcassets in Resources */ = {isa = PBXBuildFile; fileRef = FD3D05C62CFFAC8B009DF07C /* Assets.xcassets */; };
		FD3D05CD2CFFAC8B009DF07C /* Preview Assets.xcassets in Resources */ = {isa = PBXBuildFile; fileRef = FD3D05C42CFFAC8B009DF07C /* Preview Assets.xcassets */; };
		FD3D05D22D00A08D009DF07C /* Topic.swift in Sources */ = {isa = PBXBuildFile; fileRef = FD3D05D12D00A08D009DF07C /* Topic.swift */; };
		FD3D05D42D00A222009DF07C /* TopicGoal.swift in Sources */ = {isa = PBXBuildFile; fileRef = FD3D05D32D00A222009DF07C /* TopicGoal.swift */; };
		FD3D05D62D00A276009DF07C /* Reminder.swift in Sources */ = {isa = PBXBuildFile; fileRef = FD3D05D52D00A276009DF07C /* Reminder.swift */; };
		FD3D05D82D00A300009DF07C /* TopicHistory.swift in Sources */ = {isa = PBXBuildFile; fileRef = FD3D05D72D00A300009DF07C /* TopicHistory.swift */; };
		FD3D05DA2D00AA12009DF07C /* FocusSession.swift in Sources */ = {isa = PBXBuildFile; fileRef = FD3D05D92D00AA12009DF07C /* FocusSession.swift */; };
		FD3D05DC2D00AA30009DF07C /* TopicManager.swift in Sources */ = {isa = PBXBuildFile; fileRef = FD3D05DB2D00AA30009DF07C /* TopicManager.swift */; };
		FD3D05E12D00E77E009DF07C /* goalsData.json in Resources */ = {isa = PBXBuildFile; fileRef = FD3D05E02D00E77E009DF07C /* goalsData.json */; };
		FD3D05F42D034493009DF07C /* GoalsTests.swift in Sources */ = {isa = PBXBuildFile; fileRef = FD3D05F22D034493009DF07C /* GoalsTests.swift */; };
		FD3D05F52D034493009DF07C /* TopicTests.swift in Sources */ = {isa = PBXBuildFile; fileRef = FD3D05F12D034493009DF07C /* TopicTests.swift */; };
		FD3D05F82D0373C7009DF07C /* GoalList.swift in Sources */ = {isa = PBXBuildFile; fileRef = FD3D05F72D0373C7009DF07C /* GoalList.swift */; };
		FD3D05FA2D0373E8009DF07C /* GoalRow.swift in Sources */ = {isa = PBXBuildFile; fileRef = FD3D05F92D0373E8009DF07C /* GoalRow.swift */; };
		FD3D05FC2D038BA8009DF07C /* GoalDetail.swift in Sources */ = {isa = PBXBuildFile; fileRef = FD3D05FB2D038BA8009DF07C /* GoalDetail.swift */; };
		FD3D061C2D039499009DF07C /* PercentageView.swift in Sources */ = {isa = PBXBuildFile; fileRef = FD3D061B2D039499009DF07C /* PercentageView.swift */; };
		FD8E828C2D073BB200F8AFD0 /* TimeSpend.swift in Sources */ = {isa = PBXBuildFile; fileRef = FD8E828B2D073BB200F8AFD0 /* TimeSpend.swift */; };
		FD8E828E2D076BBA00F8AFD0 /* Theme.swift in Sources */ = {isa = PBXBuildFile; fileRef = FD8E828D2D076BB900F8AFD0 /* Theme.swift */; };
		FD8E82972D0B829D00F8AFD0 /* FocusSessionView.swift in Sources */ = {isa = PBXBuildFile; fileRef = FD8E82962D0B829D00F8AFD0 /* FocusSessionView.swift */; };
		FD8E82992D0B8BEA00F8AFD0 /* FocusSessionTimerView.swift in Sources */ = {isa = PBXBuildFile; fileRef = FD8E82982D0B8BEA00F8AFD0 /* FocusSessionTimerView.swift */; };
		FD8E829B2D0B952600F8AFD0 /* MinutesArc.swift in Sources */ = {isa = PBXBuildFile; fileRef = FD8E829A2D0B952600F8AFD0 /* MinutesArc.swift */; };
		FDAF6A092D13608800C90176 /* FocusSessionHeaderView.swift in Sources */ = {isa = PBXBuildFile; fileRef = FDAF6A082D13608800C90176 /* FocusSessionHeaderView.swift */; };
		FDAF6A0C2D13617900C90176 /* GoalsProgressViewStyle.swift in Sources */ = {isa = PBXBuildFile; fileRef = FDAF6A0B2D13617900C90176 /* GoalsProgressViewStyle.swift */; };
		FDAF6A0F2D1364DF00C90176 /* TrailingIconLabelStyle.swift in Sources */ = {isa = PBXBuildFile; fileRef = FDAF6A0E2D1364DF00C90176 /* TrailingIconLabelStyle.swift */; };
		FDAF6A4E2D3FF3F700C90176 /* DetailEditView.swift in Sources */ = {isa = PBXBuildFile; fileRef = FDAF6A4D2D3FF3F700C90176 /* DetailEditView.swift */; };
		FDAF6A502D3FF6BC00C90176 /* ThemePicker.swift in Sources */ = {isa = PBXBuildFile; fileRef = FDAF6A4F2D3FF6BC00C90176 /* ThemePicker.swift */; };
		FDAF6A522D3FF70400C90176 /* ThemeView.swift in Sources */ = {isa = PBXBuildFile; fileRef = FDAF6A512D3FF70400C90176 /* ThemeView.swift */; };
		FDAF6A542D40213700C90176 /* TopicStore.swift in Sources */ = {isa = PBXBuildFile; fileRef = FDAF6A532D40213700C90176 /* TopicStore.swift */; };
		FDAF6A562D40243200C90176 /* ErrorWrapper.swift in Sources */ = {isa = PBXBuildFile; fileRef = FDAF6A552D40243200C90176 /* ErrorWrapper.swift */; };
		FDAF6A582D402B1100C90176 /* NewTopicSheet.swift in Sources */ = {isa = PBXBuildFile; fileRef = FDAF6A572D402B1100C90176 /* NewTopicSheet.swift */; };
		FDAF6A5A2D402DF600C90176 /* ErrorView.swift in Sources */ = {isa = PBXBuildFile; fileRef = FDAF6A592D402DF600C90176 /* ErrorView.swift */; };
/* End PBXBuildFile section */

/* Begin PBXContainerItemProxy section */
		FD3D05EA2D033E2D009DF07C /* PBXContainerItemProxy */ = {
			isa = PBXContainerItemProxy;
			containerPortal = FD3D058E2CFF8DC6009DF07C /* Project object */;
			proxyType = 1;
			remoteGlobalIDString = FD3D05952CFF8DC6009DF07C;
			remoteInfo = Goals;
		};
/* End PBXContainerItemProxy section */

/* Begin PBXFileReference section */
		FD3D05962CFF8DC6009DF07C /* Goals.app */ = {isa = PBXFileReference; explicitFileType = wrapper.application; includeInIndex = 0; path = Goals.app; sourceTree = BUILT_PRODUCTS_DIR; };
		FD3D05C42CFFAC8B009DF07C /* Preview Assets.xcassets */ = {isa = PBXFileReference; lastKnownFileType = folder.assetcatalog; path = "Preview Assets.xcassets"; sourceTree = "<group>"; };
		FD3D05C62CFFAC8B009DF07C /* Assets.xcassets */ = {isa = PBXFileReference; lastKnownFileType = folder.assetcatalog; path = Assets.xcassets; sourceTree = "<group>"; };
		FD3D05C72CFFAC8B009DF07C /* ContentView.swift */ = {isa = PBXFileReference; lastKnownFileType = sourcecode.swift; path = ContentView.swift; sourceTree = "<group>"; };
		FD3D05C82CFFAC8B009DF07C /* GoalsApp.swift */ = {isa = PBXFileReference; lastKnownFileType = sourcecode.swift; path = GoalsApp.swift; sourceTree = "<group>"; };
		FD3D05D12D00A08D009DF07C /* Topic.swift */ = {isa = PBXFileReference; lastKnownFileType = sourcecode.swift; path = Topic.swift; sourceTree = "<group>"; };
		FD3D05D32D00A222009DF07C /* TopicGoal.swift */ = {isa = PBXFileReference; lastKnownFileType = sourcecode.swift; path = TopicGoal.swift; sourceTree = "<group>"; };
		FD3D05D52D00A276009DF07C /* Reminder.swift */ = {isa = PBXFileReference; lastKnownFileType = sourcecode.swift; path = Reminder.swift; sourceTree = "<group>"; };
		FD3D05D72D00A300009DF07C /* TopicHistory.swift */ = {isa = PBXFileReference; lastKnownFileType = sourcecode.swift; path = TopicHistory.swift; sourceTree = "<group>"; };
		FD3D05D92D00AA12009DF07C /* FocusSession.swift */ = {isa = PBXFileReference; lastKnownFileType = sourcecode.swift; path = FocusSession.swift; sourceTree = "<group>"; };
		FD3D05DB2D00AA30009DF07C /* TopicManager.swift */ = {isa = PBXFileReference; lastKnownFileType = sourcecode.swift; path = TopicManager.swift; sourceTree = "<group>"; };
		FD3D05E02D00E77E009DF07C /* goalsData.json */ = {isa = PBXFileReference; lastKnownFileType = text.json; path = goalsData.json; sourceTree = "<group>"; };
		FD3D05E62D033E2D009DF07C /* GoalsTests.xctest */ = {isa = PBXFileReference; explicitFileType = wrapper.cfbundle; includeInIndex = 0; path = GoalsTests.xctest; sourceTree = BUILT_PRODUCTS_DIR; };
		FD3D05F12D034493009DF07C /* TopicTests.swift */ = {isa = PBXFileReference; lastKnownFileType = sourcecode.swift; path = TopicTests.swift; sourceTree = "<group>"; };
		FD3D05F22D034493009DF07C /* GoalsTests.swift */ = {isa = PBXFileReference; lastKnownFileType = sourcecode.swift; path = GoalsTests.swift; sourceTree = "<group>"; };
		FD3D05F72D0373C7009DF07C /* GoalList.swift */ = {isa = PBXFileReference; lastKnownFileType = sourcecode.swift; path = GoalList.swift; sourceTree = "<group>"; };
		FD3D05F92D0373E8009DF07C /* GoalRow.swift */ = {isa = PBXFileReference; lastKnownFileType = sourcecode.swift; path = GoalRow.swift; sourceTree = "<group>"; };
		FD3D05FB2D038BA8009DF07C /* GoalDetail.swift */ = {isa = PBXFileReference; lastKnownFileType = sourcecode.swift; path = GoalDetail.swift; sourceTree = "<group>"; };
		FD3D061B2D039499009DF07C /* PercentageView.swift */ = {isa = PBXFileReference; lastKnownFileType = sourcecode.swift; path = PercentageView.swift; sourceTree = "<group>"; };
		FD8E828B2D073BB200F8AFD0 /* TimeSpend.swift */ = {isa = PBXFileReference; lastKnownFileType = sourcecode.swift; path = TimeSpend.swift; sourceTree = "<group>"; };
		FD8E828D2D076BB900F8AFD0 /* Theme.swift */ = {isa = PBXFileReference; lastKnownFileType = sourcecode.swift; path = Theme.swift; sourceTree = "<group>"; };
		FD8E82962D0B829D00F8AFD0 /* FocusSessionView.swift */ = {isa = PBXFileReference; lastKnownFileType = sourcecode.swift; path = FocusSessionView.swift; sourceTree = "<group>"; };
		FD8E82982D0B8BEA00F8AFD0 /* FocusSessionTimerView.swift */ = {isa = PBXFileReference; lastKnownFileType = sourcecode.swift; path = FocusSessionTimerView.swift; sourceTree = "<group>"; };
		FD8E829A2D0B952600F8AFD0 /* MinutesArc.swift */ = {isa = PBXFileReference; lastKnownFileType = sourcecode.swift; path = MinutesArc.swift; sourceTree = "<group>"; };
		FDAF6A082D13608800C90176 /* FocusSessionHeaderView.swift */ = {isa = PBXFileReference; lastKnownFileType = sourcecode.swift; path = FocusSessionHeaderView.swift; sourceTree = "<group>"; };
		FDAF6A0B2D13617900C90176 /* GoalsProgressViewStyle.swift */ = {isa = PBXFileReference; lastKnownFileType = sourcecode.swift; path = GoalsProgressViewStyle.swift; sourceTree = "<group>"; };
		FDAF6A0E2D1364DF00C90176 /* TrailingIconLabelStyle.swift */ = {isa = PBXFileReference; lastKnownFileType = sourcecode.swift; path = TrailingIconLabelStyle.swift; sourceTree = "<group>"; };
		FDAF6A4D2D3FF3F700C90176 /* DetailEditView.swift */ = {isa = PBXFileReference; lastKnownFileType = sourcecode.swift; path = DetailEditView.swift; sourceTree = "<group>"; };
		FDAF6A4F2D3FF6BC00C90176 /* ThemePicker.swift */ = {isa = PBXFileReference; lastKnownFileType = sourcecode.swift; path = ThemePicker.swift; sourceTree = "<group>"; };
		FDAF6A512D3FF70400C90176 /* ThemeView.swift */ = {isa = PBXFileReference; lastKnownFileType = sourcecode.swift; path = ThemeView.swift; sourceTree = "<group>"; };
		FDAF6A532D40213700C90176 /* TopicStore.swift */ = {isa = PBXFileReference; lastKnownFileType = sourcecode.swift; path = TopicStore.swift; sourceTree = "<group>"; };
		FDAF6A552D40243200C90176 /* ErrorWrapper.swift */ = {isa = PBXFileReference; lastKnownFileType = sourcecode.swift; path = ErrorWrapper.swift; sourceTree = "<group>"; };
		FDAF6A572D402B1100C90176 /* NewTopicSheet.swift */ = {isa = PBXFileReference; lastKnownFileType = sourcecode.swift; path = NewTopicSheet.swift; sourceTree = "<group>"; };
		FDAF6A592D402DF600C90176 /* ErrorView.swift */ = {isa = PBXFileReference; lastKnownFileType = sourcecode.swift; path = ErrorView.swift; sourceTree = "<group>"; };
/* End PBXFileReference section */

/* Begin PBXFrameworksBuildPhase section */
		FD3D05932CFF8DC6009DF07C /* Frameworks */ = {
			isa = PBXFrameworksBuildPhase;
			buildActionMask = 2147483647;
			files = (
			);
			runOnlyForDeploymentPostprocessing = 0;
		};
		FD3D05E32D033E2D009DF07C /* Frameworks */ = {
			isa = PBXFrameworksBuildPhase;
			buildActionMask = 2147483647;
			files = (
			);
			runOnlyForDeploymentPostprocessing = 0;
		};
/* End PBXFrameworksBuildPhase section */

/* Begin PBXGroup section */
		FD3D058D2CFF8DC6009DF07C = {
			isa = PBXGroup;
			children = (
				FD3D05C92CFFAC8B009DF07C /* Goals */,
				FD3D05F32D034493009DF07C /* GoalsTests */,
				FD3D05972CFF8DC6009DF07C /* Products */,
			);
			sourceTree = "<group>";
		};
		FD3D05972CFF8DC6009DF07C /* Products */ = {
			isa = PBXGroup;
			children = (
				FD3D05962CFF8DC6009DF07C /* Goals.app */,
				FD3D05E62D033E2D009DF07C /* GoalsTests.xctest */,
			);
			name = Products;
			sourceTree = "<group>";
		};
		FD3D05C52CFFAC8B009DF07C /* Preview Content */ = {
			isa = PBXGroup;
			children = (
				FD3D05C42CFFAC8B009DF07C /* Preview Assets.xcassets */,
			);
			path = "Preview Content";
			sourceTree = "<group>";
		};
		FD3D05C92CFFAC8B009DF07C /* Goals */ = {
			isa = PBXGroup;
			children = (
				FD3D05CE2D009FC6009DF07C /* Models */,
				FD3D05CF2D009FD2009DF07C /* Views */,
				FD3D05DD2D00E6F3009DF07C /* Resources */,
				FD3D05C62CFFAC8B009DF07C /* Assets.xcassets */,
				FD3D05C82CFFAC8B009DF07C /* GoalsApp.swift */,
				FD3D05C52CFFAC8B009DF07C /* Preview Content */,
			);
			path = Goals;
			sourceTree = "<group>";
		};
		FD3D05CE2D009FC6009DF07C /* Models */ = {
			isa = PBXGroup;
			children = (
				FD3D05D12D00A08D009DF07C /* Topic.swift */,
				FD3D05D32D00A222009DF07C /* TopicGoal.swift */,
				FD8E828B2D073BB200F8AFD0 /* TimeSpend.swift */,
				FD3D05D52D00A276009DF07C /* Reminder.swift */,
				FD3D05D72D00A300009DF07C /* TopicHistory.swift */,
				FD3D05D92D00AA12009DF07C /* FocusSession.swift */,
				FD3D05DB2D00AA30009DF07C /* TopicManager.swift */,
				FD8E828D2D076BB900F8AFD0 /* Theme.swift */,
				FDAF6A532D40213700C90176 /* TopicStore.swift */,
				FDAF6A552D40243200C90176 /* ErrorWrapper.swift */,
			);
			path = Models;
			sourceTree = "<group>";
		};
		FD3D05CF2D009FD2009DF07C /* Views */ = {
			isa = PBXGroup;
			children = (
				FDAF6A0D2D13648500C90176 /* Styles */,
				FD3D05F62D03739D009DF07C /* Goals */,
				FD8E82912D0A523300F8AFD0 /* FocusSessions */,
				FD3D061A2D03942F009DF07C /* Helpers */,
				FD3D05C72CFFAC8B009DF07C /* ContentView.swift */,
				FDAF6A592D402DF600C90176 /* ErrorView.swift */,
			);
			path = Views;
			sourceTree = "<group>";
		};
		FD3D05DD2D00E6F3009DF07C /* Resources */ = {
			isa = PBXGroup;
			children = (
				FD3D05E02D00E77E009DF07C /* goalsData.json */,
			);
			path = Resources;
			sourceTree = "<group>";
		};
		FD3D05F32D034493009DF07C /* GoalsTests */ = {
			isa = PBXGroup;
			children = (
				FD3D05F12D034493009DF07C /* TopicTests.swift */,
				FD3D05F22D034493009DF07C /* GoalsTests.swift */,
			);
			path = GoalsTests;
			sourceTree = "<group>";
		};
		FD3D05F62D03739D009DF07C /* Goals */ = {
			isa = PBXGroup;
			children = (
				FD3D05F72D0373C7009DF07C /* GoalList.swift */,
				FD3D05F92D0373E8009DF07C /* GoalRow.swift */,
				FD3D05FB2D038BA8009DF07C /* GoalDetail.swift */,
				FDAF6A4D2D3FF3F700C90176 /* DetailEditView.swift */,
				FDAF6A572D402B1100C90176 /* NewTopicSheet.swift */,
			);
			path = Goals;
			sourceTree = "<group>";
		};
		FD3D061A2D03942F009DF07C /* Helpers */ = {
			isa = PBXGroup;
			children = (
				FD3D061B2D039499009DF07C /* PercentageView.swift */,
				FDAF6A4F2D3FF6BC00C90176 /* ThemePicker.swift */,
				FDAF6A512D3FF70400C90176 /* ThemeView.swift */,
			);
			path = Helpers;
			sourceTree = "<group>";
		};
		FD8E82912D0A523300F8AFD0 /* FocusSessions */ = {
			isa = PBXGroup;
			children = (
				FD8E82962D0B829D00F8AFD0 /* FocusSessionView.swift */,
				FD8E82982D0B8BEA00F8AFD0 /* FocusSessionTimerView.swift */,
				FDAF6A082D13608800C90176 /* FocusSessionHeaderView.swift */,
				FD8E829A2D0B952600F8AFD0 /* MinutesArc.swift */,
			);
			path = FocusSessions;
			sourceTree = "<group>";
		};
		FDAF6A0D2D13648500C90176 /* Styles */ = {
			isa = PBXGroup;
			children = (
				FDAF6A0B2D13617900C90176 /* GoalsProgressViewStyle.swift */,
				FDAF6A0E2D1364DF00C90176 /* TrailingIconLabelStyle.swift */,
			);
			path = Styles;
			sourceTree = "<group>";
		};
/* End PBXGroup section */

/* Begin PBXNativeTarget section */
		FD3D05952CFF8DC6009DF07C /* Goals */ = {
			isa = PBXNativeTarget;
			buildConfigurationList = FD3D05A42CFF8DC8009DF07C /* Build configuration list for PBXNativeTarget "Goals" */;
			buildPhases = (
				FD3D05922CFF8DC6009DF07C /* Sources */,
				FD3D05932CFF8DC6009DF07C /* Frameworks */,
				FD3D05942CFF8DC6009DF07C /* Resources */,
			);
			buildRules = (
			);
			dependencies = (
			);
			name = Goals;
			packageProductDependencies = (
			);
			productName = Goals;
			productReference = FD3D05962CFF8DC6009DF07C /* Goals.app */;
			productType = "com.apple.product-type.application";
		};
		FD3D05E52D033E2D009DF07C /* GoalsTests */ = {
			isa = PBXNativeTarget;
			buildConfigurationList = FD3D05EC2D033E2D009DF07C /* Build configuration list for PBXNativeTarget "GoalsTests" */;
			buildPhases = (
				FD3D05E22D033E2D009DF07C /* Sources */,
				FD3D05E32D033E2D009DF07C /* Frameworks */,
				FD3D05E42D033E2D009DF07C /* Resources */,
			);
			buildRules = (
			);
			dependencies = (
				FD3D05EB2D033E2D009DF07C /* PBXTargetDependency */,
			);
			name = GoalsTests;
			packageProductDependencies = (
			);
			productName = GoalsTests;
			productReference = FD3D05E62D033E2D009DF07C /* GoalsTests.xctest */;
			productType = "com.apple.product-type.bundle.unit-test";
		};
/* End PBXNativeTarget section */

/* Begin PBXProject section */
		FD3D058E2CFF8DC6009DF07C /* Project object */ = {
			isa = PBXProject;
			attributes = {
				BuildIndependentTargetsInParallel = 1;
				LastSwiftUpdateCheck = 1610;
				LastUpgradeCheck = 1610;
				TargetAttributes = {
					FD3D05952CFF8DC6009DF07C = {
						CreatedOnToolsVersion = 16.1;
					};
					FD3D05E52D033E2D009DF07C = {
						CreatedOnToolsVersion = 16.1;
						TestTargetID = FD3D05952CFF8DC6009DF07C;
					};
				};
			};
			buildConfigurationList = FD3D05912CFF8DC6009DF07C /* Build configuration list for PBXProject "Goals" */;
			developmentRegion = en;
			hasScannedForEncodings = 0;
			knownRegions = (
				en,
				Base,
			);
			mainGroup = FD3D058D2CFF8DC6009DF07C;
			minimizedProjectReferenceProxies = 1;
			preferredProjectObjectVersion = 77;
			productRefGroup = FD3D05972CFF8DC6009DF07C /* Products */;
			projectDirPath = "";
			projectRoot = "";
			targets = (
				FD3D05952CFF8DC6009DF07C /* Goals */,
				FD3D05E52D033E2D009DF07C /* GoalsTests */,
			);
		};
/* End PBXProject section */

/* Begin PBXResourcesBuildPhase section */
		FD3D05942CFF8DC6009DF07C /* Resources */ = {
			isa = PBXResourcesBuildPhase;
			buildActionMask = 2147483647;
			files = (
				FD3D05E12D00E77E009DF07C /* goalsData.json in Resources */,
				FD3D05CC2CFFAC8B009DF07C /* Assets.xcassets in Resources */,
				FD3D05CD2CFFAC8B009DF07C /* Preview Assets.xcassets in Resources */,
			);
			runOnlyForDeploymentPostprocessing = 0;
		};
		FD3D05E42D033E2D009DF07C /* Resources */ = {
			isa = PBXResourcesBuildPhase;
			buildActionMask = 2147483647;
			files = (
			);
			runOnlyForDeploymentPostprocessing = 0;
		};
/* End PBXResourcesBuildPhase section */

/* Begin PBXSourcesBuildPhase section */
		FD3D05922CFF8DC6009DF07C /* Sources */ = {
			isa = PBXSourcesBuildPhase;
			buildActionMask = 2147483647;
			files = (
				FD3D05DC2D00AA30009DF07C /* TopicManager.swift in Sources */,
				FD3D05FC2D038BA8009DF07C /* GoalDetail.swift in Sources */,
				FDAF6A522D3FF70400C90176 /* ThemeView.swift in Sources */,
				FDAF6A4E2D3FF3F700C90176 /* DetailEditView.swift in Sources */,
				FDAF6A0C2D13617900C90176 /* GoalsProgressViewStyle.swift in Sources */,
				FDAF6A0F2D1364DF00C90176 /* TrailingIconLabelStyle.swift in Sources */,
				FD3D05FA2D0373E8009DF07C /* GoalRow.swift in Sources */,
				FDAF6A5A2D402DF600C90176 /* ErrorView.swift in Sources */,
				FD3D05F82D0373C7009DF07C /* GoalList.swift in Sources */,
				FD8E82972D0B829D00F8AFD0 /* FocusSessionView.swift in Sources */,
				FD3D061C2D039499009DF07C /* PercentageView.swift in Sources */,
				FD8E82992D0B8BEA00F8AFD0 /* FocusSessionTimerView.swift in Sources */,
				FD3D05DA2D00AA12009DF07C /* FocusSession.swift in Sources */,
				FDAF6A582D402B1100C90176 /* NewTopicSheet.swift in Sources */,
				FDAF6A502D3FF6BC00C90176 /* ThemePicker.swift in Sources */,
				FDAF6A562D40243200C90176 /* ErrorWrapper.swift in Sources */,
				FD3D05D22D00A08D009DF07C /* Topic.swift in Sources */,
				FD8E828C2D073BB200F8AFD0 /* TimeSpend.swift in Sources */,
				FDAF6A542D40213700C90176 /* TopicStore.swift in Sources */,
				FD3D05D42D00A222009DF07C /* TopicGoal.swift in Sources */,
				FD3D05CA2CFFAC8B009DF07C /* GoalsApp.swift in Sources */,
				FD3D05D82D00A300009DF07C /* TopicHistory.swift in Sources */,
				FD3D05CB2CFFAC8B009DF07C /* ContentView.swift in Sources */,
				FD8E829B2D0B952600F8AFD0 /* MinutesArc.swift in Sources */,
				FDAF6A092D13608800C90176 /* FocusSessionHeaderView.swift in Sources */,
				FD3D05D62D00A276009DF07C /* Reminder.swift in Sources */,
				FD8E828E2D076BBA00F8AFD0 /* Theme.swift in Sources */,
			);
			runOnlyForDeploymentPostprocessing = 0;
		};
		FD3D05E22D033E2D009DF07C /* Sources */ = {
			isa = PBXSourcesBuildPhase;
			buildActionMask = 2147483647;
			files = (
				FD3D05F42D034493009DF07C /* GoalsTests.swift in Sources */,
				FD3D05F52D034493009DF07C /* TopicTests.swift in Sources */,
			);
			runOnlyForDeploymentPostprocessing = 0;
		};
/* End PBXSourcesBuildPhase section */

/* Begin PBXTargetDependency section */
		FD3D05EB2D033E2D009DF07C /* PBXTargetDependency */ = {
			isa = PBXTargetDependency;
			target = FD3D05952CFF8DC6009DF07C /* Goals */;
			targetProxy = FD3D05EA2D033E2D009DF07C /* PBXContainerItemProxy */;
		};
/* End PBXTargetDependency section */

/* Begin XCBuildConfiguration section */
		FD3D05A22CFF8DC8009DF07C /* Debug */ = {
			isa = XCBuildConfiguration;
			buildSettings = {
				ALWAYS_SEARCH_USER_PATHS = NO;
				ASSETCATALOG_COMPILER_GENERATE_SWIFT_ASSET_SYMBOL_EXTENSIONS = YES;
				CLANG_ANALYZER_NONNULL = YES;
				CLANG_ANALYZER_NUMBER_OBJECT_CONVERSION = YES_AGGRESSIVE;
				CLANG_CXX_LANGUAGE_STANDARD = "gnu++20";
				CLANG_ENABLE_MODULES = YES;
				CLANG_ENABLE_OBJC_ARC = YES;
				CLANG_ENABLE_OBJC_WEAK = YES;
				CLANG_WARN_BLOCK_CAPTURE_AUTORELEASING = YES;
				CLANG_WARN_BOOL_CONVERSION = YES;
				CLANG_WARN_COMMA = YES;
				CLANG_WARN_CONSTANT_CONVERSION = YES;
				CLANG_WARN_DEPRECATED_OBJC_IMPLEMENTATIONS = YES;
				CLANG_WARN_DIRECT_OBJC_ISA_USAGE = YES_ERROR;
				CLANG_WARN_DOCUMENTATION_COMMENTS = YES;
				CLANG_WARN_EMPTY_BODY = YES;
				CLANG_WARN_ENUM_CONVERSION = YES;
				CLANG_WARN_INFINITE_RECURSION = YES;
				CLANG_WARN_INT_CONVERSION = YES;
				CLANG_WARN_NON_LITERAL_NULL_CONVERSION = YES;
				CLANG_WARN_OBJC_IMPLICIT_RETAIN_SELF = YES;
				CLANG_WARN_OBJC_LITERAL_CONVERSION = YES;
				CLANG_WARN_OBJC_ROOT_CLASS = YES_ERROR;
				CLANG_WARN_QUOTED_INCLUDE_IN_FRAMEWORK_HEADER = YES;
				CLANG_WARN_RANGE_LOOP_ANALYSIS = YES;
				CLANG_WARN_STRICT_PROTOTYPES = YES;
				CLANG_WARN_SUSPICIOUS_MOVE = YES;
				CLANG_WARN_UNGUARDED_AVAILABILITY = YES_AGGRESSIVE;
				CLANG_WARN_UNREACHABLE_CODE = YES;
				CLANG_WARN__DUPLICATE_METHOD_MATCH = YES;
				COPY_PHASE_STRIP = NO;
				DEBUG_INFORMATION_FORMAT = dwarf;
				ENABLE_STRICT_OBJC_MSGSEND = YES;
				ENABLE_TESTABILITY = YES;
				ENABLE_USER_SCRIPT_SANDBOXING = YES;
				GCC_C_LANGUAGE_STANDARD = gnu17;
				GCC_DYNAMIC_NO_PIC = NO;
				GCC_NO_COMMON_BLOCKS = YES;
				GCC_OPTIMIZATION_LEVEL = 0;
				GCC_PREPROCESSOR_DEFINITIONS = (
					"DEBUG=1",
					"$(inherited)",
				);
				GCC_WARN_64_TO_32_BIT_CONVERSION = YES;
				GCC_WARN_ABOUT_RETURN_TYPE = YES_ERROR;
				GCC_WARN_UNDECLARED_SELECTOR = YES;
				GCC_WARN_UNINITIALIZED_AUTOS = YES_AGGRESSIVE;
				GCC_WARN_UNUSED_FUNCTION = YES;
				GCC_WARN_UNUSED_VARIABLE = YES;
				IPHONEOS_DEPLOYMENT_TARGET = 18.1;
				LOCALIZATION_PREFERS_STRING_CATALOGS = YES;
				MTL_ENABLE_DEBUG_INFO = INCLUDE_SOURCE;
				MTL_FAST_MATH = YES;
				ONLY_ACTIVE_ARCH = YES;
				SDKROOT = iphoneos;
				SWIFT_ACTIVE_COMPILATION_CONDITIONS = "DEBUG $(inherited)";
				SWIFT_OPTIMIZATION_LEVEL = "-Onone";
			};
			name = Debug;
		};
		FD3D05A32CFF8DC8009DF07C /* Release */ = {
			isa = XCBuildConfiguration;
			buildSettings = {
				ALWAYS_SEARCH_USER_PATHS = NO;
				ASSETCATALOG_COMPILER_GENERATE_SWIFT_ASSET_SYMBOL_EXTENSIONS = YES;
				CLANG_ANALYZER_NONNULL = YES;
				CLANG_ANALYZER_NUMBER_OBJECT_CONVERSION = YES_AGGRESSIVE;
				CLANG_CXX_LANGUAGE_STANDARD = "gnu++20";
				CLANG_ENABLE_MODULES = YES;
				CLANG_ENABLE_OBJC_ARC = YES;
				CLANG_ENABLE_OBJC_WEAK = YES;
				CLANG_WARN_BLOCK_CAPTURE_AUTORELEASING = YES;
				CLANG_WARN_BOOL_CONVERSION = YES;
				CLANG_WARN_COMMA = YES;
				CLANG_WARN_CONSTANT_CONVERSION = YES;
				CLANG_WARN_DEPRECATED_OBJC_IMPLEMENTATIONS = YES;
				CLANG_WARN_DIRECT_OBJC_ISA_USAGE = YES_ERROR;
				CLANG_WARN_DOCUMENTATION_COMMENTS = YES;
				CLANG_WARN_EMPTY_BODY = YES;
				CLANG_WARN_ENUM_CONVERSION = YES;
				CLANG_WARN_INFINITE_RECURSION = YES;
				CLANG_WARN_INT_CONVERSION = YES;
				CLANG_WARN_NON_LITERAL_NULL_CONVERSION = YES;
				CLANG_WARN_OBJC_IMPLICIT_RETAIN_SELF = YES;
				CLANG_WARN_OBJC_LITERAL_CONVERSION = YES;
				CLANG_WARN_OBJC_ROOT_CLASS = YES_ERROR;
				CLANG_WARN_QUOTED_INCLUDE_IN_FRAMEWORK_HEADER = YES;
				CLANG_WARN_RANGE_LOOP_ANALYSIS = YES;
				CLANG_WARN_STRICT_PROTOTYPES = YES;
				CLANG_WARN_SUSPICIOUS_MOVE = YES;
				CLANG_WARN_UNGUARDED_AVAILABILITY = YES_AGGRESSIVE;
				CLANG_WARN_UNREACHABLE_CODE = YES;
				CLANG_WARN__DUPLICATE_METHOD_MATCH = YES;
				COPY_PHASE_STRIP = NO;
				DEBUG_INFORMATION_FORMAT = "dwarf-with-dsym";
				ENABLE_NS_ASSERTIONS = NO;
				ENABLE_STRICT_OBJC_MSGSEND = YES;
				ENABLE_USER_SCRIPT_SANDBOXING = YES;
				GCC_C_LANGUAGE_STANDARD = gnu17;
				GCC_NO_COMMON_BLOCKS = YES;
				GCC_WARN_64_TO_32_BIT_CONVERSION = YES;
				GCC_WARN_ABOUT_RETURN_TYPE = YES_ERROR;
				GCC_WARN_UNDECLARED_SELECTOR = YES;
				GCC_WARN_UNINITIALIZED_AUTOS = YES_AGGRESSIVE;
				GCC_WARN_UNUSED_FUNCTION = YES;
				GCC_WARN_UNUSED_VARIABLE = YES;
				IPHONEOS_DEPLOYMENT_TARGET = 18.1;
				LOCALIZATION_PREFERS_STRING_CATALOGS = YES;
				MTL_ENABLE_DEBUG_INFO = NO;
				MTL_FAST_MATH = YES;
				SDKROOT = iphoneos;
				SWIFT_COMPILATION_MODE = wholemodule;
				VALIDATE_PRODUCT = YES;
			};
			name = Release;
		};
		FD3D05A52CFF8DC8009DF07C /* Debug */ = {
			isa = XCBuildConfiguration;
			buildSettings = {
				ASSETCATALOG_COMPILER_APPICON_NAME = AppIcon;
				ASSETCATALOG_COMPILER_GLOBAL_ACCENT_COLOR_NAME = AccentColor;
				CODE_SIGN_STYLE = Automatic;
				CURRENT_PROJECT_VERSION = 1;
				DEVELOPMENT_ASSET_PATHS = "\"Goals/Preview Content\"";
				DEVELOPMENT_TEAM = CJTYATR4VT;
				ENABLE_PREVIEWS = YES;
				GENERATE_INFOPLIST_FILE = YES;
				INFOPLIST_KEY_UIApplicationSceneManifest_Generation = YES;
				INFOPLIST_KEY_UIApplicationSupportsIndirectInputEvents = YES;
				INFOPLIST_KEY_UILaunchScreen_Generation = YES;
				INFOPLIST_KEY_UISupportedInterfaceOrientations_iPad = "UIInterfaceOrientationPortrait UIInterfaceOrientationPortraitUpsideDown UIInterfaceOrientationLandscapeLeft UIInterfaceOrientationLandscapeRight";
				INFOPLIST_KEY_UISupportedInterfaceOrientations_iPhone = "UIInterfaceOrientationPortrait UIInterfaceOrientationLandscapeLeft UIInterfaceOrientationLandscapeRight";
				LD_RUNPATH_SEARCH_PATHS = (
					"$(inherited)",
					"@executable_path/Frameworks",
				);
				MARKETING_VERSION = 1.0;
				PRODUCT_BUNDLE_IDENTIFIER = io.gerardgonzalez.Goals;
				PRODUCT_NAME = "$(TARGET_NAME)";
				SWIFT_EMIT_LOC_STRINGS = YES;
				SWIFT_VERSION = 5.0;
				TARGETED_DEVICE_FAMILY = "1,2";
			};
			name = Debug;
		};
		FD3D05A62CFF8DC8009DF07C /* Release */ = {
			isa = XCBuildConfiguration;
			buildSettings = {
				ASSETCATALOG_COMPILER_APPICON_NAME = AppIcon;
				ASSETCATALOG_COMPILER_GLOBAL_ACCENT_COLOR_NAME = AccentColor;
				CODE_SIGN_STYLE = Automatic;
				CURRENT_PROJECT_VERSION = 1;
				DEVELOPMENT_ASSET_PATHS = "\"Goals/Preview Content\"";
				DEVELOPMENT_TEAM = CJTYATR4VT;
				ENABLE_PREVIEWS = YES;
				GENERATE_INFOPLIST_FILE = YES;
				INFOPLIST_KEY_UIApplicationSceneManifest_Generation = YES;
				INFOPLIST_KEY_UIApplicationSupportsIndirectInputEvents = YES;
				INFOPLIST_KEY_UILaunchScreen_Generation = YES;
				INFOPLIST_KEY_UISupportedInterfaceOrientations_iPad = "UIInterfaceOrientationPortrait UIInterfaceOrientationPortraitUpsideDown UIInterfaceOrientationLandscapeLeft UIInterfaceOrientationLandscapeRight";
				INFOPLIST_KEY_UISupportedInterfaceOrientations_iPhone = "UIInterfaceOrientationPortrait UIInterfaceOrientationLandscapeLeft UIInterfaceOrientationLandscapeRight";
				LD_RUNPATH_SEARCH_PATHS = (
					"$(inherited)",
					"@executable_path/Frameworks",
				);
				MARKETING_VERSION = 1.0;
				PRODUCT_BUNDLE_IDENTIFIER = io.gerardgonzalez.Goals;
				PRODUCT_NAME = "$(TARGET_NAME)";
				SWIFT_EMIT_LOC_STRINGS = YES;
				SWIFT_VERSION = 5.0;
				TARGETED_DEVICE_FAMILY = "1,2";
			};
			name = Release;
		};
		FD3D05ED2D033E2D009DF07C /* Debug */ = {
			isa = XCBuildConfiguration;
			buildSettings = {
				BUNDLE_LOADER = "$(TEST_HOST)";
				CODE_SIGN_STYLE = Automatic;
				CURRENT_PROJECT_VERSION = 1;
				DEVELOPMENT_TEAM = CJTYATR4VT;
				GENERATE_INFOPLIST_FILE = YES;
				MARKETING_VERSION = 1.0;
				PRODUCT_BUNDLE_IDENTIFIER = io.gerardgonzalez.GoalsTests;
				PRODUCT_NAME = "$(TARGET_NAME)";
				SWIFT_EMIT_LOC_STRINGS = NO;
				SWIFT_VERSION = 5.0;
				TARGETED_DEVICE_FAMILY = "1,2";
				TEST_HOST = "$(BUILT_PRODUCTS_DIR)/Goals.app/$(BUNDLE_EXECUTABLE_FOLDER_PATH)/Goals";
			};
			name = Debug;
		};
		FD3D05EE2D033E2D009DF07C /* Release */ = {
			isa = XCBuildConfiguration;
			buildSettings = {
				BUNDLE_LOADER = "$(TEST_HOST)";
				CODE_SIGN_STYLE = Automatic;
				CURRENT_PROJECT_VERSION = 1;
				DEVELOPMENT_TEAM = CJTYATR4VT;
				GENERATE_INFOPLIST_FILE = YES;
				MARKETING_VERSION = 1.0;
				PRODUCT_BUNDLE_IDENTIFIER = io.gerardgonzalez.GoalsTests;
				PRODUCT_NAME = "$(TARGET_NAME)";
				SWIFT_EMIT_LOC_STRINGS = NO;
				SWIFT_VERSION = 5.0;
				TARGETED_DEVICE_FAMILY = "1,2";
				TEST_HOST = "$(BUILT_PRODUCTS_DIR)/Goals.app/$(BUNDLE_EXECUTABLE_FOLDER_PATH)/Goals";
			};
			name = Release;
		};
/* End XCBuildConfiguration section */

/* Begin XCConfigurationList section */
		FD3D05912CFF8DC6009DF07C /* Build configuration list for PBXProject "Goals" */ = {
			isa = XCConfigurationList;
			buildConfigurations = (
				FD3D05A22CFF8DC8009DF07C /* Debug */,
				FD3D05A32CFF8DC8009DF07C /* Release */,
			);
			defaultConfigurationIsVisible = 0;
			defaultConfigurationName = Release;
		};
		FD3D05A42CFF8DC8009DF07C /* Build configuration list for PBXNativeTarget "Goals" */ = {
			isa = XCConfigurationList;
			buildConfigurations = (
				FD3D05A52CFF8DC8009DF07C /* Debug */,
				FD3D05A62CFF8DC8009DF07C /* Release */,
			);
			defaultConfigurationIsVisible = 0;
			defaultConfigurationName = Release;
		};
		FD3D05EC2D033E2D009DF07C /* Build configuration list for PBXNativeTarget "GoalsTests" */ = {
			isa = XCConfigurationList;
			buildConfigurations = (
				FD3D05ED2D033E2D009DF07C /* Debug */,
				FD3D05EE2D033E2D009DF07C /* Release */,
			);
			defaultConfigurationIsVisible = 0;
			defaultConfigurationName = Release;
		};
/* End XCConfigurationList section */
	};
	rootObject = FD3D058E2CFF8DC6009DF07C /* Project object */;
}
