// !$*UTF8*$!
{
	archiveVersion = 1;
	classes = {
	};
	objectVersion = 77;
	objects = {

/* Begin PBXBuildFile section */
		FD07C98A2E845C01009D4132 /* CalendarView.swift in Sources */ = {isa = PBXBuildFile; fileRef = FD07C9892E845C01009D4132 /* CalendarView.swift */; };
		FD1033732E89BC5600564356 /* LongestStreakView.swift in Sources */ = {isa = PBXBuildFile; fileRef = FD1033722E89BC5600564356 /* LongestStreakView.swift */; };
		FD4AF6622E46A820004B75FE /* OnboardingView.swift in Sources */ = {isa = PBXBuildFile; fileRef = FD4AF6612E46A820004B75FE /* OnboardingView.swift */; };
		FD4AF6642E46A968004B75FE /* TopicListView.swift in Sources */ = {isa = PBXBuildFile; fileRef = FD4AF6632E46A968004B75FE /* TopicListView.swift */; };
		FD4CFA1F2E078BEA00FD5095 /* FeatureCard.swift in Sources */ = {isa = PBXBuildFile; fileRef = FD4CFA1E2E078BEA00FD5095 /* FeatureCard.swift */; };
		FD4CFA212E078F9100FD5095 /* FeaturePage.swift in Sources */ = {isa = PBXBuildFile; fileRef = FD4CFA202E078F9100FD5095 /* FeaturePage.swift */; };
		FD6F7FF22E82FB51000E1C4F /* TopicDetailView.swift in Sources */ = {isa = PBXBuildFile; fileRef = FD6F7FF12E82FB51000E1C4F /* TopicDetailView.swift */; };
		FD6F7FF42E836D8C000E1C4F /* TopicCard.swift in Sources */ = {isa = PBXBuildFile; fileRef = FD6F7FF32E836D8C000E1C4F /* TopicCard.swift */; };
		FD8E43132E7C907700856E38 /* TimerDialView.swift in Sources */ = {isa = PBXBuildFile; fileRef = FD8E43122E7C907700856E38 /* TimerDialView.swift */; };
		FD9B97312E8B64AE00D60181 /* GoalView.swift in Sources */ = {isa = PBXBuildFile; fileRef = FD9B97302E8B64AE00D60181 /* GoalView.swift */; };
		FDA4BC012E0776DE00E0DAA5 /* Assets.xcassets in Resources */ = {isa = PBXBuildFile; fileRef = FDA4BBFC2E0776DE00E0DAA5 /* Assets.xcassets */; };
		FDA4BC022E0776DE00E0DAA5 /* ContentView.swift in Sources */ = {isa = PBXBuildFile; fileRef = FDA4BBFD2E0776DE00E0DAA5 /* ContentView.swift */; };
		FDA4BC032E0776DE00E0DAA5 /* WelcomePage.swift in Sources */ = {isa = PBXBuildFile; fileRef = FDA4BBFF2E0776DE00E0DAA5 /* WelcomePage.swift */; };
		FDA4BC042E0776DE00E0DAA5 /* GoalsApp.swift in Sources */ = {isa = PBXBuildFile; fileRef = FDA4BBFE2E0776DE00E0DAA5 /* GoalsApp.swift */; };
		FDAEFDBE2E7E1F3800E99E4F /* StudySession.swift in Sources */ = {isa = PBXBuildFile; fileRef = FDAEFDBD2E7E1F3800E99E4F /* StudySession.swift */; };
		FDBE08CA2EA84BFD0083938F /* DailyStatus.swift in Sources */ = {isa = PBXBuildFile; fileRef = FDBE08C92EA84BFD0083938F /* DailyStatus.swift */; };
		FDBE08CC2EA84C1C0083938F /* Goal.swift in Sources */ = {isa = PBXBuildFile; fileRef = FDBE08CB2EA84C1C0083938F /* Goal.swift */; };
		FDBE08CE2EA84C620083938F /* Streak.swift in Sources */ = {isa = PBXBuildFile; fileRef = FDBE08CD2EA84C620083938F /* Streak.swift */; };
		FDBE08D02EA84C790083938F /* Timer.swift in Sources */ = {isa = PBXBuildFile; fileRef = FDBE08CF2EA84C790083938F /* Timer.swift */; };
		FDBE08D32EA84D720083938F /* GoalMinutesPickerSheet.swift in Sources */ = {isa = PBXBuildFile; fileRef = FDBE08D22EA84D720083938F /* GoalMinutesPickerSheet.swift */; };
		FDC82AE32E5DEC2500C2F545 /* NewTopicView.swift in Sources */ = {isa = PBXBuildFile; fileRef = FDC82AE22E5DEC2500C2F545 /* NewTopicView.swift */; };
		FDC82AE62E5DEFDB00C2F545 /* Topic.swift in Sources */ = {isa = PBXBuildFile; fileRef = FDC82AE52E5DEFDB00C2F545 /* Topic.swift */; };
		FDC82AE82E5DF04700C2F545 /* SampleData.swift in Sources */ = {isa = PBXBuildFile; fileRef = FDC82AE72E5DF04700C2F545 /* SampleData.swift */; };
		FDC82AEC2E5E1E6600C2F545 /* TimerView.swift in Sources */ = {isa = PBXBuildFile; fileRef = FDC82AEB2E5E1E6600C2F545 /* TimerView.swift */; };
		FDD077C52E4A8D8F0010DD1E /* StreakView.swift in Sources */ = {isa = PBXBuildFile; fileRef = FDD077C42E4A8D8F0010DD1E /* StreakView.swift */; };
		FDD077CB2E4A951E0010DD1E /* WeekDay.swift in Sources */ = {isa = PBXBuildFile; fileRef = FDD077CA2E4A951E0010DD1E /* WeekDay.swift */; };
		FDD077CD2E4A96A40010DD1E /* WeekRow.swift in Sources */ = {isa = PBXBuildFile; fileRef = FDD077CC2E4A96A40010DD1E /* WeekRow.swift */; };
/* End PBXBuildFile section */

/* Begin PBXFileReference section */
		FD07C9892E845C01009D4132 /* CalendarView.swift */ = {isa = PBXFileReference; lastKnownFileType = sourcecode.swift; path = CalendarView.swift; sourceTree = "<group>"; };
		FD1033722E89BC5600564356 /* LongestStreakView.swift */ = {isa = PBXFileReference; lastKnownFileType = sourcecode.swift; path = LongestStreakView.swift; sourceTree = "<group>"; };
		FD4AF6612E46A820004B75FE /* OnboardingView.swift */ = {isa = PBXFileReference; lastKnownFileType = sourcecode.swift; path = OnboardingView.swift; sourceTree = "<group>"; };
		FD4AF6632E46A968004B75FE /* TopicListView.swift */ = {isa = PBXFileReference; lastKnownFileType = sourcecode.swift; path = TopicListView.swift; sourceTree = "<group>"; };
		FD4CFA1E2E078BEA00FD5095 /* FeatureCard.swift */ = {isa = PBXFileReference; lastKnownFileType = sourcecode.swift; path = FeatureCard.swift; sourceTree = "<group>"; };
		FD4CFA202E078F9100FD5095 /* FeaturePage.swift */ = {isa = PBXFileReference; lastKnownFileType = sourcecode.swift; path = FeaturePage.swift; sourceTree = "<group>"; };
		FD6F7FF12E82FB51000E1C4F /* TopicDetailView.swift */ = {isa = PBXFileReference; lastKnownFileType = sourcecode.swift; path = TopicDetailView.swift; sourceTree = "<group>"; };
		FD6F7FF32E836D8C000E1C4F /* TopicCard.swift */ = {isa = PBXFileReference; lastKnownFileType = sourcecode.swift; path = TopicCard.swift; sourceTree = "<group>"; };
		FD8E43122E7C907700856E38 /* TimerDialView.swift */ = {isa = PBXFileReference; lastKnownFileType = sourcecode.swift; path = TimerDialView.swift; sourceTree = "<group>"; };
		FD9B97302E8B64AE00D60181 /* GoalView.swift */ = {isa = PBXFileReference; lastKnownFileType = sourcecode.swift; path = GoalView.swift; sourceTree = "<group>"; };
		FDA4BBEC2E07763E00E0DAA5 /* Goals.app */ = {isa = PBXFileReference; explicitFileType = wrapper.application; includeInIndex = 0; path = Goals.app; sourceTree = BUILT_PRODUCTS_DIR; };
		FDA4BBFC2E0776DE00E0DAA5 /* Assets.xcassets */ = {isa = PBXFileReference; lastKnownFileType = folder.assetcatalog; path = Assets.xcassets; sourceTree = "<group>"; };
		FDA4BBFD2E0776DE00E0DAA5 /* ContentView.swift */ = {isa = PBXFileReference; lastKnownFileType = sourcecode.swift; path = ContentView.swift; sourceTree = "<group>"; };
		FDA4BBFE2E0776DE00E0DAA5 /* GoalsApp.swift */ = {isa = PBXFileReference; lastKnownFileType = sourcecode.swift; path = GoalsApp.swift; sourceTree = "<group>"; };
		FDA4BBFF2E0776DE00E0DAA5 /* WelcomePage.swift */ = {isa = PBXFileReference; lastKnownFileType = sourcecode.swift; path = WelcomePage.swift; sourceTree = "<group>"; };
		FDAEFDBD2E7E1F3800E99E4F /* StudySession.swift */ = {isa = PBXFileReference; lastKnownFileType = sourcecode.swift; path = StudySession.swift; sourceTree = "<group>"; };
		FDBE08C92EA84BFD0083938F /* DailyStatus.swift */ = {isa = PBXFileReference; lastKnownFileType = sourcecode.swift; path = DailyStatus.swift; sourceTree = "<group>"; };
		FDBE08CB2EA84C1C0083938F /* Goal.swift */ = {isa = PBXFileReference; lastKnownFileType = sourcecode.swift; path = Goal.swift; sourceTree = "<group>"; };
		FDBE08CD2EA84C620083938F /* Streak.swift */ = {isa = PBXFileReference; lastKnownFileType = sourcecode.swift; path = Streak.swift; sourceTree = "<group>"; };
		FDBE08CF2EA84C790083938F /* Timer.swift */ = {isa = PBXFileReference; lastKnownFileType = sourcecode.swift; path = Timer.swift; sourceTree = "<group>"; };
		FDBE08D22EA84D720083938F /* GoalMinutesPickerSheet.swift */ = {isa = PBXFileReference; lastKnownFileType = sourcecode.swift; path = GoalMinutesPickerSheet.swift; sourceTree = "<group>"; };
		FDC82AE22E5DEC2500C2F545 /* NewTopicView.swift */ = {isa = PBXFileReference; lastKnownFileType = sourcecode.swift; path = NewTopicView.swift; sourceTree = "<group>"; };
		FDC82AE52E5DEFDB00C2F545 /* Topic.swift */ = {isa = PBXFileReference; lastKnownFileType = sourcecode.swift; path = Topic.swift; sourceTree = "<group>"; };
		FDC82AE72E5DF04700C2F545 /* SampleData.swift */ = {isa = PBXFileReference; lastKnownFileType = sourcecode.swift; path = SampleData.swift; sourceTree = "<group>"; };
		FDC82AEB2E5E1E6600C2F545 /* TimerView.swift */ = {isa = PBXFileReference; lastKnownFileType = sourcecode.swift; path = TimerView.swift; sourceTree = "<group>"; };
		FDD077C42E4A8D8F0010DD1E /* StreakView.swift */ = {isa = PBXFileReference; lastKnownFileType = sourcecode.swift; path = StreakView.swift; sourceTree = "<group>"; };
		FDD077CA2E4A951E0010DD1E /* WeekDay.swift */ = {isa = PBXFileReference; lastKnownFileType = sourcecode.swift; path = WeekDay.swift; sourceTree = "<group>"; };
		FDD077CC2E4A96A40010DD1E /* WeekRow.swift */ = {isa = PBXFileReference; lastKnownFileType = sourcecode.swift; path = WeekRow.swift; sourceTree = "<group>"; };
/* End PBXFileReference section */

/* Begin PBXFrameworksBuildPhase section */
		FDA4BBE92E07763E00E0DAA5 /* Frameworks */ = {
			isa = PBXFrameworksBuildPhase;
			buildActionMask = 2147483647;
			files = (
			);
			runOnlyForDeploymentPostprocessing = 0;
		};
/* End PBXFrameworksBuildPhase section */

/* Begin PBXGroup section */
		FDA4BBE32E07763E00E0DAA5 = {
			isa = PBXGroup;
			children = (
				FDA4BC002E0776DE00E0DAA5 /* Goals */,
				FDA4BBED2E07763E00E0DAA5 /* Products */,
			);
			sourceTree = "<group>";
		};
		FDA4BBED2E07763E00E0DAA5 /* Products */ = {
			isa = PBXGroup;
			children = (
				FDA4BBEC2E07763E00E0DAA5 /* Goals.app */,
			);
			name = Products;
			sourceTree = "<group>";
		};
		FDA4BC002E0776DE00E0DAA5 /* Goals */ = {
			isa = PBXGroup;
			children = (
				FDC82AE42E5DEF8800C2F545 /* Models */,
				FDBE08C82EA84B320083938F /* Views */,
				FDA4BBFE2E0776DE00E0DAA5 /* GoalsApp.swift */,
				FDA4BBFC2E0776DE00E0DAA5 /* Assets.xcassets */,
			);
			path = Goals;
			sourceTree = "<group>";
		};
		FDBE08C82EA84B320083938F /* Views */ = {
			isa = PBXGroup;
			children = (
				FDBE08D12EA84CD50083938F /* Topic */,
				FDD077C92E4A94EB0010DD1E /* Streak */,
				FDBE08D42EA84D920083938F /* Timer */,
				FDBE08D52EA84DC30083938F /* Calendar */,
				FDE9420A2E46A6EC00AF23D4 /* Onboarding */,
				FDA4BBFD2E0776DE00E0DAA5 /* ContentView.swift */,
			);
			path = Views;
			sourceTree = "<group>";
		};
		FDBE08D12EA84CD50083938F /* Topic */ = {
			isa = PBXGroup;
			children = (
				FD4AF6632E46A968004B75FE /* TopicListView.swift */,
				FD6F7FF12E82FB51000E1C4F /* TopicDetailView.swift */,
				FD6F7FF32E836D8C000E1C4F /* TopicCard.swift */,
				FDC82AE22E5DEC2500C2F545 /* NewTopicView.swift */,
			);
			path = Topic;
			sourceTree = "<group>";
		};
		FDBE08D42EA84D920083938F /* Timer */ = {
			isa = PBXGroup;
			children = (
				FDC82AEB2E5E1E6600C2F545 /* TimerView.swift */,
				FD8E43122E7C907700856E38 /* TimerDialView.swift */,
			);
			path = Timer;
			sourceTree = "<group>";
		};
		FDBE08D52EA84DC30083938F /* Calendar */ = {
			isa = PBXGroup;
			children = (
				FD07C9892E845C01009D4132 /* CalendarView.swift */,
			);
			path = Calendar;
			sourceTree = "<group>";
		};
		FDC82AE42E5DEF8800C2F545 /* Models */ = {
			isa = PBXGroup;
			children = (
				FDC82AE52E5DEFDB00C2F545 /* Topic.swift */,
				FDAEFDBD2E7E1F3800E99E4F /* StudySession.swift */,
				FDBE08C92EA84BFD0083938F /* DailyStatus.swift */,
				FDBE08CB2EA84C1C0083938F /* Goal.swift */,
				FDBE08CD2EA84C620083938F /* Streak.swift */,
				FDBE08CF2EA84C790083938F /* Timer.swift */,
				FDC82AE72E5DF04700C2F545 /* SampleData.swift */,
			);
			path = Models;
			sourceTree = "<group>";
		};
		FDD077C92E4A94EB0010DD1E /* Streak */ = {
			isa = PBXGroup;
			children = (
				FDD077C42E4A8D8F0010DD1E /* StreakView.swift */,
				FD1033722E89BC5600564356 /* LongestStreakView.swift */,
				FDD077CC2E4A96A40010DD1E /* WeekRow.swift */,
				FDD077CA2E4A951E0010DD1E /* WeekDay.swift */,
				FDBE08D22EA84D720083938F /* GoalMinutesPickerSheet.swift */,
			);
			path = Streak;
			sourceTree = "<group>";
		};
		FDE9420A2E46A6EC00AF23D4 /* Onboarding */ = {
			isa = PBXGroup;
			children = (
				FD4AF6612E46A820004B75FE /* OnboardingView.swift */,
				FDA4BBFF2E0776DE00E0DAA5 /* WelcomePage.swift */,
				FD4CFA202E078F9100FD5095 /* FeaturePage.swift */,
				FD4CFA1E2E078BEA00FD5095 /* FeatureCard.swift */,
				FD9B97302E8B64AE00D60181 /* GoalView.swift */,
			);
			path = Onboarding;
			sourceTree = "<group>";
		};
/* End PBXGroup section */

/* Begin PBXNativeTarget section */
		FDA4BBEB2E07763E00E0DAA5 /* Goals */ = {
			isa = PBXNativeTarget;
			buildConfigurationList = FDA4BBF72E07764000E0DAA5 /* Build configuration list for PBXNativeTarget "Goals" */;
			buildPhases = (
				FDA4BBE82E07763E00E0DAA5 /* Sources */,
				FDA4BBE92E07763E00E0DAA5 /* Frameworks */,
				FDA4BBEA2E07763E00E0DAA5 /* Resources */,
			);
			buildRules = (
			);
			dependencies = (
			);
			name = Goals;
			packageProductDependencies = (
			);
			productName = Goals;
			productReference = FDA4BBEC2E07763E00E0DAA5 /* Goals.app */;
			productType = "com.apple.product-type.application";
		};
/* End PBXNativeTarget section */

/* Begin PBXProject section */
		FDA4BBE42E07763E00E0DAA5 /* Project object */ = {
			isa = PBXProject;
			attributes = {
				BuildIndependentTargetsInParallel = 1;
				LastSwiftUpdateCheck = 1640;
				LastUpgradeCheck = 2600;
				TargetAttributes = {
					FDA4BBEB2E07763E00E0DAA5 = {
						CreatedOnToolsVersion = 16.4;
					};
				};
			};
			buildConfigurationList = FDA4BBE72E07763E00E0DAA5 /* Build configuration list for PBXProject "Goals" */;
			developmentRegion = en;
			hasScannedForEncodings = 0;
			knownRegions = (
				en,
				Base,
			);
			mainGroup = FDA4BBE32E07763E00E0DAA5;
			minimizedProjectReferenceProxies = 1;
			preferredProjectObjectVersion = 77;
			productRefGroup = FDA4BBED2E07763E00E0DAA5 /* Products */;
			projectDirPath = "";
			projectRoot = "";
			targets = (
				FDA4BBEB2E07763E00E0DAA5 /* Goals */,
			);
		};
/* End PBXProject section */

/* Begin PBXResourcesBuildPhase section */
		FDA4BBEA2E07763E00E0DAA5 /* Resources */ = {
			isa = PBXResourcesBuildPhase;
			buildActionMask = 2147483647;
			files = (
				FDA4BC012E0776DE00E0DAA5 /* Assets.xcassets in Resources */,
			);
			runOnlyForDeploymentPostprocessing = 0;
		};
/* End PBXResourcesBuildPhase section */

/* Begin PBXSourcesBuildPhase section */
		FDA4BBE82E07763E00E0DAA5 /* Sources */ = {
			isa = PBXSourcesBuildPhase;
			buildActionMask = 2147483647;
			files = (
				FD6F7FF42E836D8C000E1C4F /* TopicCard.swift in Sources */,
				FDD077C52E4A8D8F0010DD1E /* StreakView.swift in Sources */,
				FD9B97312E8B64AE00D60181 /* GoalView.swift in Sources */,
				FDC82AE62E5DEFDB00C2F545 /* Topic.swift in Sources */,
				FD8E43132E7C907700856E38 /* TimerDialView.swift in Sources */,
				FDD077CD2E4A96A40010DD1E /* WeekRow.swift in Sources */,
				FDA4BC022E0776DE00E0DAA5 /* ContentView.swift in Sources */,
				FDBE08CC2EA84C1C0083938F /* Goal.swift in Sources */,
				FD1033732E89BC5600564356 /* LongestStreakView.swift in Sources */,
				FDD077CB2E4A951E0010DD1E /* WeekDay.swift in Sources */,
				FD4CFA212E078F9100FD5095 /* FeaturePage.swift in Sources */,
				FDA4BC032E0776DE00E0DAA5 /* WelcomePage.swift in Sources */,
				FDC82AEC2E5E1E6600C2F545 /* TimerView.swift in Sources */,
				FD07C98A2E845C01009D4132 /* CalendarView.swift in Sources */,
				FD6F7FF22E82FB51000E1C4F /* TopicDetailView.swift in Sources */,
				FDC82AE82E5DF04700C2F545 /* SampleData.swift in Sources */,
				FDBE08D32EA84D720083938F /* GoalMinutesPickerSheet.swift in Sources */,
				FDBE08D02EA84C790083938F /* Timer.swift in Sources */,
				FD4AF6622E46A820004B75FE /* OnboardingView.swift in Sources */,
				FD4CFA1F2E078BEA00FD5095 /* FeatureCard.swift in Sources */,
				FD4AF6642E46A968004B75FE /* TopicListView.swift in Sources */,
				FDBE08CA2EA84BFD0083938F /* DailyStatus.swift in Sources */,
				FDC82AE32E5DEC2500C2F545 /* NewTopicView.swift in Sources */,
				FDA4BC042E0776DE00E0DAA5 /* GoalsApp.swift in Sources */,
				FDAEFDBE2E7E1F3800E99E4F /* StudySession.swift in Sources */,
				FDBE08CE2EA84C620083938F /* Streak.swift in Sources */,
			);
			runOnlyForDeploymentPostprocessing = 0;
		};
/* End PBXSourcesBuildPhase section */

/* Begin XCBuildConfiguration section */
		FDA4BBF52E07764000E0DAA5 /* Debug */ = {
			isa = XCBuildConfiguration;
			buildSettings = {
				ALWAYS_SEARCH_USER_PATHS = NO;
				ASSETCATALOG_COMPILER_GENERATE_SWIFT_ASSET_SYMBOL_EXTENSIONS = YES;
				CLANG_ANALYZER_NONNULL = YES;
				CLANG_ANALYZER_NUMBER_OBJECT_CONVERSION = YES_AGGRESSIVE;
				CLANG_CXX_LANGUAGE_STANDARD = "gnu++20";
				CLANG_ENABLE_MODULES = YES;
				CLANG_ENABLE_OBJC_ARC = YES;
				CLANG_ENABLE_OBJC_WEAK = YES;
				CLANG_WARN_BLOCK_CAPTURE_AUTORELEASING = YES;
				CLANG_WARN_BOOL_CONVERSION = YES;
				CLANG_WARN_COMMA = YES;
				CLANG_WARN_CONSTANT_CONVERSION = YES;
				CLANG_WARN_DEPRECATED_OBJC_IMPLEMENTATIONS = YES;
				CLANG_WARN_DIRECT_OBJC_ISA_USAGE = YES_ERROR;
				CLANG_WARN_DOCUMENTATION_COMMENTS = YES;
				CLANG_WARN_EMPTY_BODY = YES;
				CLANG_WARN_ENUM_CONVERSION = YES;
				CLANG_WARN_INFINITE_RECURSION = YES;
				CLANG_WARN_INT_CONVERSION = YES;
				CLANG_WARN_NON_LITERAL_NULL_CONVERSION = YES;
				CLANG_WARN_OBJC_IMPLICIT_RETAIN_SELF = YES;
				CLANG_WARN_OBJC_LITERAL_CONVERSION = YES;
				CLANG_WARN_OBJC_ROOT_CLASS = YES_ERROR;
				CLANG_WARN_QUOTED_INCLUDE_IN_FRAMEWORK_HEADER = YES;
				CLANG_WARN_RANGE_LOOP_ANALYSIS = YES;
				CLANG_WARN_STRICT_PROTOTYPES = YES;
				CLANG_WARN_SUSPICIOUS_MOVE = YES;
				CLANG_WARN_UNGUARDED_AVAILABILITY = YES_AGGRESSIVE;
				CLANG_WARN_UNREACHABLE_CODE = YES;
				CLANG_WARN__DUPLICATE_METHOD_MATCH = YES;
				COPY_PHASE_STRIP = NO;
				DEBUG_INFORMATION_FORMAT = dwarf;
				DEVELOPMENT_TEAM = CJTYATR4VT;
				ENABLE_STRICT_OBJC_MSGSEND = YES;
				ENABLE_TESTABILITY = YES;
				ENABLE_USER_SCRIPT_SANDBOXING = YES;
				GCC_C_LANGUAGE_STANDARD = gnu17;
				GCC_DYNAMIC_NO_PIC = NO;
				GCC_NO_COMMON_BLOCKS = YES;
				GCC_OPTIMIZATION_LEVEL = 0;
				GCC_PREPROCESSOR_DEFINITIONS = (
					"DEBUG=1",
					"$(inherited)",
				);
				GCC_WARN_64_TO_32_BIT_CONVERSION = YES;
				GCC_WARN_ABOUT_RETURN_TYPE = YES_ERROR;
				GCC_WARN_UNDECLARED_SELECTOR = YES;
				GCC_WARN_UNINITIALIZED_AUTOS = YES_AGGRESSIVE;
				GCC_WARN_UNUSED_FUNCTION = YES;
				GCC_WARN_UNUSED_VARIABLE = YES;
				IPHONEOS_DEPLOYMENT_TARGET = 18.5;
				LOCALIZATION_PREFERS_STRING_CATALOGS = YES;
				MTL_ENABLE_DEBUG_INFO = INCLUDE_SOURCE;
				MTL_FAST_MATH = YES;
				ONLY_ACTIVE_ARCH = YES;
				SDKROOT = iphoneos;
				STRING_CATALOG_GENERATE_SYMBOLS = YES;
				SWIFT_ACTIVE_COMPILATION_CONDITIONS = "DEBUG $(inherited)";
				SWIFT_OPTIMIZATION_LEVEL = "-Onone";
			};
			name = Debug;
		};
		FDA4BBF62E07764000E0DAA5 /* Release */ = {
			isa = XCBuildConfiguration;
			buildSettings = {
				ALWAYS_SEARCH_USER_PATHS = NO;
				ASSETCATALOG_COMPILER_GENERATE_SWIFT_ASSET_SYMBOL_EXTENSIONS = YES;
				CLANG_ANALYZER_NONNULL = YES;
				CLANG_ANALYZER_NUMBER_OBJECT_CONVERSION = YES_AGGRESSIVE;
				CLANG_CXX_LANGUAGE_STANDARD = "gnu++20";
				CLANG_ENABLE_MODULES = YES;
				CLANG_ENABLE_OBJC_ARC = YES;
				CLANG_ENABLE_OBJC_WEAK = YES;
				CLANG_WARN_BLOCK_CAPTURE_AUTORELEASING = YES;
				CLANG_WARN_BOOL_CONVERSION = YES;
				CLANG_WARN_COMMA = YES;
				CLANG_WARN_CONSTANT_CONVERSION = YES;
				CLANG_WARN_DEPRECATED_OBJC_IMPLEMENTATIONS = YES;
				CLANG_WARN_DIRECT_OBJC_ISA_USAGE = YES_ERROR;
				CLANG_WARN_DOCUMENTATION_COMMENTS = YES;
				CLANG_WARN_EMPTY_BODY = YES;
				CLANG_WARN_ENUM_CONVERSION = YES;
				CLANG_WARN_INFINITE_RECURSION = YES;
				CLANG_WARN_INT_CONVERSION = YES;
				CLANG_WARN_NON_LITERAL_NULL_CONVERSION = YES;
				CLANG_WARN_OBJC_IMPLICIT_RETAIN_SELF = YES;
				CLANG_WARN_OBJC_LITERAL_CONVERSION = YES;
				CLANG_WARN_OBJC_ROOT_CLASS = YES_ERROR;
				CLANG_WARN_QUOTED_INCLUDE_IN_FRAMEWORK_HEADER = YES;
				CLANG_WARN_RANGE_LOOP_ANALYSIS = YES;
				CLANG_WARN_STRICT_PROTOTYPES = YES;
				CLANG_WARN_SUSPICIOUS_MOVE = YES;
				CLANG_WARN_UNGUARDED_AVAILABILITY = YES_AGGRESSIVE;
				CLANG_WARN_UNREACHABLE_CODE = YES;
				CLANG_WARN__DUPLICATE_METHOD_MATCH = YES;
				COPY_PHASE_STRIP = NO;
				DEBUG_INFORMATION_FORMAT = "dwarf-with-dsym";
				DEVELOPMENT_TEAM = CJTYATR4VT;
				ENABLE_NS_ASSERTIONS = NO;
				ENABLE_STRICT_OBJC_MSGSEND = YES;
				ENABLE_USER_SCRIPT_SANDBOXING = YES;
				GCC_C_LANGUAGE_STANDARD = gnu17;
				GCC_NO_COMMON_BLOCKS = YES;
				GCC_WARN_64_TO_32_BIT_CONVERSION = YES;
				GCC_WARN_ABOUT_RETURN_TYPE = YES_ERROR;
				GCC_WARN_UNDECLARED_SELECTOR = YES;
				GCC_WARN_UNINITIALIZED_AUTOS = YES_AGGRESSIVE;
				GCC_WARN_UNUSED_FUNCTION = YES;
				GCC_WARN_UNUSED_VARIABLE = YES;
				IPHONEOS_DEPLOYMENT_TARGET = 18.5;
				LOCALIZATION_PREFERS_STRING_CATALOGS = YES;
				MTL_ENABLE_DEBUG_INFO = NO;
				MTL_FAST_MATH = YES;
				SDKROOT = iphoneos;
				STRING_CATALOG_GENERATE_SYMBOLS = YES;
				SWIFT_COMPILATION_MODE = wholemodule;
				VALIDATE_PRODUCT = YES;
			};
			name = Release;
		};
		FDA4BBF82E07764000E0DAA5 /* Debug */ = {
			isa = XCBuildConfiguration;
			buildSettings = {
				ASSETCATALOG_COMPILER_APPICON_NAME = AppIcon;
				ASSETCATALOG_COMPILER_GLOBAL_ACCENT_COLOR_NAME = AccentColor;
				CODE_SIGN_IDENTITY = "Apple Development";
				CODE_SIGN_STYLE = Automatic;
				CURRENT_PROJECT_VERSION = 2;
				DEVELOPMENT_TEAM = B2RD559DGF;
				ENABLE_PREVIEWS = YES;
				GENERATE_INFOPLIST_FILE = YES;
				INFOPLIST_KEY_UIApplicationSceneManifest_Generation = YES;
				INFOPLIST_KEY_UIApplicationSupportsIndirectInputEvents = YES;
				INFOPLIST_KEY_UILaunchScreen_Generation = YES;
				INFOPLIST_KEY_UISupportedInterfaceOrientations = UIInterfaceOrientationPortrait;
				INFOPLIST_KEY_UISupportedInterfaceOrientations_iPad = "UIInterfaceOrientationLandscapeLeft UIInterfaceOrientationLandscapeRight UIInterfaceOrientationPortrait UIInterfaceOrientationPortraitUpsideDown";
				IPHONEOS_DEPLOYMENT_TARGET = 18.0;
				LD_RUNPATH_SEARCH_PATHS = (
					"$(inherited)",
					"@executable_path/Frameworks",
				);
				MARKETING_VERSION = 1;
				PRODUCT_BUNDLE_IDENTIFIER = io.gerardgonzalez.Goals;
				PRODUCT_NAME = "$(TARGET_NAME)";
				PROVISIONING_PROFILE_SPECIFIER = "";
				SWIFT_EMIT_LOC_STRINGS = YES;
				SWIFT_VERSION = 5.0;
				TARGETED_DEVICE_FAMILY = "1,2";
			};
			name = Debug;
		};
		FDA4BBF92E07764000E0DAA5 /* Release */ = {
			isa = XCBuildConfiguration;
			buildSettings = {
				ASSETCATALOG_COMPILER_APPICON_NAME = AppIcon;
				ASSETCATALOG_COMPILER_GLOBAL_ACCENT_COLOR_NAME = AccentColor;
				CODE_SIGN_IDENTITY = "Apple Development";
				CODE_SIGN_STYLE = Automatic;
				CURRENT_PROJECT_VERSION = 2;
				DEVELOPMENT_TEAM = B2RD559DGF;
				ENABLE_PREVIEWS = YES;
				GENERATE_INFOPLIST_FILE = YES;
				INFOPLIST_KEY_UIApplicationSceneManifest_Generation = YES;
				INFOPLIST_KEY_UIApplicationSupportsIndirectInputEvents = YES;
				INFOPLIST_KEY_UILaunchScreen_Generation = YES;
				INFOPLIST_KEY_UISupportedInterfaceOrientations = UIInterfaceOrientationPortrait;
				INFOPLIST_KEY_UISupportedInterfaceOrientations_iPad = "UIInterfaceOrientationLandscapeLeft UIInterfaceOrientationLandscapeRight UIInterfaceOrientationPortrait UIInterfaceOrientationPortraitUpsideDown";
				IPHONEOS_DEPLOYMENT_TARGET = 18.0;
				LD_RUNPATH_SEARCH_PATHS = (
					"$(inherited)",
					"@executable_path/Frameworks",
				);
				MARKETING_VERSION = 1;
				PRODUCT_BUNDLE_IDENTIFIER = io.gerardgonzalez.Goals;
				PRODUCT_NAME = "$(TARGET_NAME)";
				PROVISIONING_PROFILE_SPECIFIER = "";
				SWIFT_EMIT_LOC_STRINGS = YES;
				SWIFT_VERSION = 5.0;
				TARGETED_DEVICE_FAMILY = "1,2";
			};
			name = Release;
		};
/* End XCBuildConfiguration section */

/* Begin XCConfigurationList section */
		FDA4BBE72E07763E00E0DAA5 /* Build configuration list for PBXProject "Goals" */ = {
			isa = XCConfigurationList;
			buildConfigurations = (
				FDA4BBF52E07764000E0DAA5 /* Debug */,
				FDA4BBF62E07764000E0DAA5 /* Release */,
			);
			defaultConfigurationIsVisible = 0;
			defaultConfigurationName = Release;
		};
		FDA4BBF72E07764000E0DAA5 /* Build configuration list for PBXNativeTarget "Goals" */ = {
			isa = XCConfigurationList;
			buildConfigurations = (
				FDA4BBF82E07764000E0DAA5 /* Debug */,
				FDA4BBF92E07764000E0DAA5 /* Release */,
			);
			defaultConfigurationIsVisible = 0;
			defaultConfigurationName = Release;
		};
/* End XCConfigurationList section */
	};
	rootObject = FDA4BBE42E07763E00E0DAA5 /* Project object */;
}
